
Microsoft Visual Studio Solution File, Format Version 12.00
# Visual Studio Version 16
VisualStudioVersion = 16.0.31410.357
MinimumVisualStudioVersion = 10.0.40219.1
Project("{FAE04EC0-301F-11D3-BF4B-00C04F79EFBC}") = "WebApplication1", "WebApplication1\WebApplication1.csproj", "{A15073B6-4D7B-45FD-89D9-534ABFC5C870}"
EndProject
Global
	GlobalSection(SolutionConfigurationPlatforms) = preSolution
		Debug|Any CPU = Debug|Any CPU
		Release|Any CPU = Release|Any CPU
	EndGlobalSection
	GlobalSection(ProjectConfigurationPlatforms) = postSolution
		{A15073B6-4D7B-45FD-89D9-534ABFC5C870}.Debug|Any CPU.ActiveCfg = Debug|Any CPU
		{A15073B6-4D7B-45FD-89D9-534ABFC5C870}.Debug|Any CPU.Build.0 = Debug|Any CPU
		{A15073B6-4D7B-45FD-89D9-534ABFC5C870}.Release|Any CPU.ActiveCfg = Release|Any CPU
		{A15073B6-4D7B-45FD-89D9-534ABFC5C870}.Release|Any CPU.Build.0 = Release|Any CPU
	EndGlobalSection
	GlobalSection(SolutionProperties) = preSolution
		HideSolutionNode = FALSE
	EndGlobalSection
	GlobalSection(ExtensibilityGlobals) = postSolution
		SolutionGuid = {2A0BE0E9-7483-453E-9A62-6D66CE83A221}
	EndGlobalSection
EndGlobal
